PODS:
  - React/Core (0.10.0)
  - React/RCTImage (0.10.0):
    - React/Core
    - React/RCTNetwork
  - React/RCTNetwork (0.10.0):
    - React/Core
  - React/RCTText (0.10.0):
    - React/Core
  - React/RCTWebSocket (0.10.0):
    - React/Core

DEPENDENCIES:
  - React/RCTImage
  - React/RCTNetwork
  - React/RCTText
  - React/RCTWebSocket

SPEC CHECKSUMS:
  React: 869e38c9aebdf5469a09849f27eee2afcbf5857e

COCOAPODS: 0.38.2
